
Microsoft Visual Studio Solution File, Format Version 12.00
# Visual Studio Version 17
VisualStudioVersion = 17.4.33205.214
MinimumVisualStudioVersion = 10.0.40219.1
Project("{FAE04EC0-301F-11D3-BF4B-00C04F79EFBC}") = "CleanArchitecture.ConsoleApp", "CleanArchitecture.ConsoleApp\CleanArchitecture.ConsoleApp.csproj", "{B7AE9A43-5416-46D9-B984-CFB7D74B20DA}"
EndProject
Project("{FAE04EC0-301F-11D3-BF4B-00C04F79EFBC}") = "CleanArchitecture.Data", "CleanArchitecture.Data\CleanArchitecture.Data.csproj", "{6EE32876-7F8D-428E-9108-481B62628211}"
EndProject
Project("{FAE04EC0-301F-11D3-BF4B-00C04F79EFBC}") = "CleanArchitecture.Domain", "CleanArchitecture.Domain\CleanArchitecture.Domain.csproj", "{D75DFEE4-AEA5-4A56-A549-DEB2A2D7F7D9}"
EndProject
Global
	GlobalSection(SolutionConfigurationPlatforms) = preSolution
		Debug|Any CPU = Debug|Any CPU
		Release|Any CPU = Release|Any CPU
	EndGlobalSection
	GlobalSection(ProjectConfigurationPlatforms) = postSolution
		{B7AE9A43-5416-46D9-B984-CFB7D74B20DA}.Debug|Any CPU.ActiveCfg = Debug|Any CPU
		{B7AE9A43-5416-46D9-B984-CFB7D74B20DA}.Debug|Any CPU.Build.0 = Debug|Any CPU
		{B7AE9A43-5416-46D9-B984-CFB7D74B20DA}.Release|Any CPU.ActiveCfg = Release|Any CPU
		{B7AE9A43-5416-46D9-B984-CFB7D74B20DA}.Release|Any CPU.Build.0 = Release|Any CPU
		{6EE32876-7F8D-428E-9108-481B62628211}.Debug|Any CPU.ActiveCfg = Debug|Any CPU
		{6EE32876-7F8D-428E-9108-481B62628211}.Debug|Any CPU.Build.0 = Debug|Any CPU
		{6EE32876-7F8D-428E-9108-481B62628211}.Release|Any CPU.ActiveCfg = Release|Any CPU
		{6EE32876-7F8D-428E-9108-481B62628211}.Release|Any CPU.Build.0 = Release|Any CPU
		{D75DFEE4-AEA5-4A56-A549-DEB2A2D7F7D9}.Debug|Any CPU.ActiveCfg = Debug|Any CPU
		{D75DFEE4-AEA5-4A56-A549-DEB2A2D7F7D9}.Debug|Any CPU.Build.0 = Debug|Any CPU
		{D75DFEE4-AEA5-4A56-A549-DEB2A2D7F7D9}.Release|Any CPU.ActiveCfg = Release|Any CPU
		{D75DFEE4-AEA5-4A56-A549-DEB2A2D7F7D9}.Release|Any CPU.Build.0 = Release|Any CPU
	EndGlobalSection
	GlobalSection(SolutionProperties) = preSolution
		HideSolutionNode = FALSE
	EndGlobalSection
	GlobalSection(ExtensibilityGlobals) = postSolution
		SolutionGuid = {054A609C-384C-4181-8574-4D0CAA356405}
	EndGlobalSection
EndGlobal
